// !$*UTF8*$!
{
	archiveVersion = 1;
	classes = {
	};
	objectVersion = 51;
	objects = {

/* Begin PBXBuildFile section */
		C32E3584F65AC43C66B92DC2 /* Pods_WAKEMEUP_.framework in Frameworks */ = {isa = PBXBuildFile; fileRef = 72767A0A6B065FDE8BB7F0AF /* Pods_WAKEMEUP_.framework */; };
		CB453CBD2549742F00903F85 /* popupViewController.swift in Sources */ = {isa = PBXBuildFile; fileRef = CB453CBC2549742F00903F85 /* popupViewController.swift */; };
		CBD2FD6B2536E96C008B52DB /* AppDelegate.swift in Sources */ = {isa = PBXBuildFile; fileRef = CBD2FD6A2536E96C008B52DB /* AppDelegate.swift */; };
		CBD2FD6D2536E96C008B52DB /* SceneDelegate.swift in Sources */ = {isa = PBXBuildFile; fileRef = CBD2FD6C2536E96C008B52DB /* SceneDelegate.swift */; };
		CBD2FD6F2536E96C008B52DB /* ViewController.swift in Sources */ = {isa = PBXBuildFile; fileRef = CBD2FD6E2536E96C008B52DB /* ViewController.swift */; };
		CBD2FD722536E96C008B52DB /* Main.storyboard in Resources */ = {isa = PBXBuildFile; fileRef = CBD2FD702536E96C008B52DB /* Main.storyboard */; };
		CBD2FD742536E96F008B52DB /* Assets.xcassets in Resources */ = {isa = PBXBuildFile; fileRef = CBD2FD732536E96F008B52DB /* Assets.xcassets */; };
		CBD2FD772536E96F008B52DB /* LaunchScreen.storyboard in Resources */ = {isa = PBXBuildFile; fileRef = CBD2FD752536E96F008B52DB /* LaunchScreen.storyboard */; };
		CBDD482D25504BF30006FEFC /* ViewControllerJson.swift in Sources */ = {isa = PBXBuildFile; fileRef = CBDD482C25504BF30006FEFC /* ViewControllerJson.swift */; };
		CBDD483025515AE20006FEFC /* destinationSearchVC.swift in Sources */ = {isa = PBXBuildFile; fileRef = CBDD482F25515AE20006FEFC /* destinationSearchVC.swift */; };
/* End PBXBuildFile section */

/* Begin PBXFileReference section */
		2686D30B7B1C152BA19C8CAA /* Pods-WAKEMEUP#.debug.xcconfig */ = {isa = PBXFileReference; includeInIndex = 1; lastKnownFileType = text.xcconfig; name = "Pods-WAKEMEUP#.debug.xcconfig"; path = "Target Support Files/Pods-WAKEMEUP#/Pods-WAKEMEUP#.debug.xcconfig"; sourceTree = "<group>"; };
		72767A0A6B065FDE8BB7F0AF /* Pods_WAKEMEUP_.framework */ = {isa = PBXFileReference; explicitFileType = wrapper.framework; includeInIndex = 0; path = Pods_WAKEMEUP_.framework; sourceTree = BUILT_PRODUCTS_DIR; };
		CB453CBC2549742F00903F85 /* popupViewController.swift */ = {isa = PBXFileReference; lastKnownFileType = sourcecode.swift; path = popupViewController.swift; sourceTree = "<group>"; };
		CBD2FD672536E96C008B52DB /* WAKEMEUP#.app */ = {isa = PBXFileReference; explicitFileType = wrapper.application; includeInIndex = 0; path = "WAKEMEUP#.app"; sourceTree = BUILT_PRODUCTS_DIR; };
		CBD2FD6A2536E96C008B52DB /* AppDelegate.swift */ = {isa = PBXFileReference; lastKnownFileType = sourcecode.swift; path = AppDelegate.swift; sourceTree = "<group>"; };
		CBD2FD6C2536E96C008B52DB /* SceneDelegate.swift */ = {isa = PBXFileReference; lastKnownFileType = sourcecode.swift; path = SceneDelegate.swift; sourceTree = "<group>"; };
		CBD2FD6E2536E96C008B52DB /* ViewController.swift */ = {isa = PBXFileReference; lastKnownFileType = sourcecode.swift; path = ViewController.swift; sourceTree = "<group>"; };
		CBD2FD712536E96C008B52DB /* Base */ = {isa = PBXFileReference; lastKnownFileType = file.storyboard; name = Base; path = Base.lproj/Main.storyboard; sourceTree = "<group>"; };
		CBD2FD732536E96F008B52DB /* Assets.xcassets */ = {isa = PBXFileReference; lastKnownFileType = folder.assetcatalog; path = Assets.xcassets; sourceTree = "<group>"; };
		CBD2FD762536E96F008B52DB /* Base */ = {isa = PBXFileReference; lastKnownFileType = file.storyboard; name = Base; path = Base.lproj/LaunchScreen.storyboard; sourceTree = "<group>"; };
		CBD2FD782536E96F008B52DB /* Info.plist */ = {isa = PBXFileReference; lastKnownFileType = text.plist.xml; path = Info.plist; sourceTree = "<group>"; };
		CBDD482C25504BF30006FEFC /* ViewControllerJson.swift */ = {isa = PBXFileReference; lastKnownFileType = sourcecode.swift; name = ViewControllerJson.swift; path = "/Users/joelthedeen/Documents/Code/WAKEMEUP#/WAKEMEUP#/ViewControllerJson.swift"; sourceTree = "<absolute>"; };
		CBDD482F25515AE20006FEFC /* destinationSearchVC.swift */ = {isa = PBXFileReference; lastKnownFileType = sourcecode.swift; path = destinationSearchVC.swift; sourceTree = "<group>"; };
		E641F6A8EF18E384BBCA1ED5 /* Pods-WAKEMEUP#.release.xcconfig */ = {isa = PBXFileReference; includeInIndex = 1; lastKnownFileType = text.xcconfig; name = "Pods-WAKEMEUP#.release.xcconfig"; path = "Target Support Files/Pods-WAKEMEUP#/Pods-WAKEMEUP#.release.xcconfig"; sourceTree = "<group>"; };
/* End PBXFileReference section */

/* Begin PBXFrameworksBuildPhase section */
		CBD2FD642536E96C008B52DB /* Frameworks */ = {
			isa = PBXFrameworksBuildPhase;
			buildActionMask = 2147483647;
			files = (
				C32E3584F65AC43C66B92DC2 /* Pods_WAKEMEUP_.framework in Frameworks */,
			);
			runOnlyForDeploymentPostprocessing = 0;
		};
/* End PBXFrameworksBuildPhase section */

/* Begin PBXGroup section */
		7CE75CFAC01559F3DD28B7CB /* Pods */ = {
			isa = PBXGroup;
			children = (
				2686D30B7B1C152BA19C8CAA /* Pods-WAKEMEUP#.debug.xcconfig */,
				E641F6A8EF18E384BBCA1ED5 /* Pods-WAKEMEUP#.release.xcconfig */,
			);
			path = Pods;
			sourceTree = "<group>";
		};
		86EABF702D7980E7F2231A4E /* Frameworks */ = {
			isa = PBXGroup;
			children = (
				72767A0A6B065FDE8BB7F0AF /* Pods_WAKEMEUP_.framework */,
			);
			name = Frameworks;
			sourceTree = "<group>";
		};
		CBD2FD5E2536E96C008B52DB = {
			isa = PBXGroup;
			children = (
				CBD2FD692536E96C008B52DB /* WAKEMEUP# */,
				CBD2FD682536E96C008B52DB /* Products */,
				7CE75CFAC01559F3DD28B7CB /* Pods */,
				86EABF702D7980E7F2231A4E /* Frameworks */,
			);
			sourceTree = "<group>";
		};
		CBD2FD682536E96C008B52DB /* Products */ = {
			isa = PBXGroup;
			children = (
				CBD2FD672536E96C008B52DB /* WAKEMEUP#.app */,
			);
			name = Products;
			sourceTree = "<group>";
		};
		CBD2FD692536E96C008B52DB /* WAKEMEUP# */ = {
			isa = PBXGroup;
			children = (
				CBDD482C25504BF30006FEFC /* ViewControllerJson.swift */,
				CB453CBC2549742F00903F85 /* popupViewController.swift */,
				CBD2FD6A2536E96C008B52DB /* AppDelegate.swift */,
				CBD2FD6C2536E96C008B52DB /* SceneDelegate.swift */,
				CBD2FD6E2536E96C008B52DB /* ViewController.swift */,
				CBD2FD702536E96C008B52DB /* Main.storyboard */,
				CBDD482F25515AE20006FEFC /* destinationSearchVC.swift */,
				CBD2FD732536E96F008B52DB /* Assets.xcassets */,
				CBD2FD752536E96F008B52DB /* LaunchScreen.storyboard */,
				CBD2FD782536E96F008B52DB /* Info.plist */,
			);
			path = "WAKEMEUP#";
			sourceTree = "<group>";
		};
/* End PBXGroup section */

/* Begin PBXNativeTarget section */
		CBD2FD662536E96C008B52DB /* WAKEMEUP# */ = {
			isa = PBXNativeTarget;
			buildConfigurationList = CBD2FD7B2536E96F008B52DB /* Build configuration list for PBXNativeTarget "WAKEMEUP#" */;
			buildPhases = (
				E6583BD21C00159C68C4526E /* [CP] Check Pods Manifest.lock */,
				CBD2FD632536E96C008B52DB /* Sources */,
				CBD2FD642536E96C008B52DB /* Frameworks */,
				CBD2FD652536E96C008B52DB /* Resources */,
				41172D042AAEB75F1172F800 /* [CP] Embed Pods Frameworks */,
			);
			buildRules = (
			);
			dependencies = (
			);
			name = "WAKEMEUP#";
			productName = "WAKEMEUP#";
			productReference = CBD2FD672536E96C008B52DB /* WAKEMEUP#.app */;
			productType = "com.apple.product-type.application";
		};
/* End PBXNativeTarget section */

/* Begin PBXProject section */
		CBD2FD5F2536E96C008B52DB /* Project object */ = {
			isa = PBXProject;
			attributes = {
				LastSwiftUpdateCheck = 1200;
				LastUpgradeCheck = 1200;
				TargetAttributes = {
					CBD2FD662536E96C008B52DB = {
						CreatedOnToolsVersion = 12.0;
					};
				};
			};
			buildConfigurationList = CBD2FD622536E96C008B52DB /* Build configuration list for PBXProject "WAKEMEUP#" */;
			compatibilityVersion = "Xcode 9.3";
			developmentRegion = en;
			hasScannedForEncodings = 0;
			knownRegions = (
				en,
				Base,
			);
			mainGroup = CBD2FD5E2536E96C008B52DB;
			productRefGroup = CBD2FD682536E96C008B52DB /* Products */;
			projectDirPath = "";
			projectRoot = "";
			targets = (
				CBD2FD662536E96C008B52DB /* WAKEMEUP# */,
			);
		};
/* End PBXProject section */

/* Begin PBXResourcesBuildPhase section */
		CBD2FD652536E96C008B52DB /* Resources */ = {
			isa = PBXResourcesBuildPhase;
			buildActionMask = 2147483647;
			files = (
				CBD2FD772536E96F008B52DB /* LaunchScreen.storyboard in Resources */,
				CBD2FD742536E96F008B52DB /* Assets.xcassets in Resources */,
				CBD2FD722536E96C008B52DB /* Main.storyboard in Resources */,
			);
			runOnlyForDeploymentPostprocessing = 0;
		};
/* End PBXResourcesBuildPhase section */

/* Begin PBXShellScriptBuildPhase section */
		41172D042AAEB75F1172F800 /* [CP] Embed Pods Frameworks */ = {
			isa = PBXShellScriptBuildPhase;
			buildActionMask = 2147483647;
			files = (
			);
			inputFileListPaths = (
				"${PODS_ROOT}/Target Support Files/Pods-WAKEMEUP#/Pods-WAKEMEUP#-frameworks-${CONFIGURATION}-input-files.xcfilelist",
			);
			name = "[CP] Embed Pods Frameworks";
			outputFileListPaths = (
				"${PODS_ROOT}/Target Support Files/Pods-WAKEMEUP#/Pods-WAKEMEUP#-frameworks-${CONFIGURATION}-output-files.xcfilelist",
			);
			runOnlyForDeploymentPostprocessing = 0;
			shellPath = /bin/sh;
			shellScript = "\"${PODS_ROOT}/Target Support Files/Pods-WAKEMEUP#/Pods-WAKEMEUP#-frameworks.sh\"\n";
			showEnvVarsInLog = 0;
		};
		E6583BD21C00159C68C4526E /* [CP] Check Pods Manifest.lock */ = {
			isa = PBXShellScriptBuildPhase;
			buildActionMask = 2147483647;
			files = (
			);
			inputFileListPaths = (
			);
			inputPaths = (
				"${PODS_PODFILE_DIR_PATH}/Podfile.lock",
				"${PODS_ROOT}/Manifest.lock",
			);
			name = "[CP] Check Pods Manifest.lock";
			outputFileListPaths = (
			);
			outputPaths = (
				"$(DERIVED_FILE_DIR)/Pods-WAKEMEUP#-checkManifestLockResult.txt",
			);
			runOnlyForDeploymentPostprocessing = 0;
			shellPath = /bin/sh;
			shellScript = "diff \"${PODS_PODFILE_DIR_PATH}/Podfile.lock\" \"${PODS_ROOT}/Manifest.lock\" > /dev/null\nif [ $? != 0 ] ; then\n    # print error to STDERR\n    echo \"error: The sandbox is not in sync with the Podfile.lock. Run 'pod install' or update your CocoaPods installation.\" >&2\n    exit 1\nfi\n# This output is used by Xcode 'outputs' to avoid re-running this script phase.\necho \"SUCCESS\" > \"${SCRIPT_OUTPUT_FILE_0}\"\n";
			showEnvVarsInLog = 0;
		};
/* End PBXShellScriptBuildPhase section */

/* Begin PBXSourcesBuildPhase section */
		CBD2FD632536E96C008B52DB /* Sources */ = {
			isa = PBXSourcesBuildPhase;
			buildActionMask = 2147483647;
			files = (
				CBD2FD6F2536E96C008B52DB /* ViewController.swift in Sources */,
				CBDD483025515AE20006FEFC /* destinationSearchVC.swift in Sources */,
				CBD2FD6B2536E96C008B52DB /* AppDelegate.swift in Sources */,
				CBD2FD6D2536E96C008B52DB /* SceneDelegate.swift in Sources */,
				CBDD482D25504BF30006FEFC /* ViewControllerJson.swift in Sources */,
				CB453CBD2549742F00903F85 /* popupViewController.swift in Sources */,
			);
			runOnlyForDeploymentPostprocessing = 0;
		};
/* End PBXSourcesBuildPhase section */

/* Begin PBXVariantGroup section */
		CBD2FD702536E96C008B52DB /* Main.storyboard */ = {
			isa = PBXVariantGroup;
			children = (
				CBD2FD712536E96C008B52DB /* Base */,
			);
			name = Main.storyboard;
			sourceTree = "<group>";
		};
		CBD2FD752536E96F008B52DB /* LaunchScreen.storyboard */ = {
			isa = PBXVariantGroup;
			children = (
				CBD2FD762536E96F008B52DB /* Base */,
			);
			name = LaunchScreen.storyboard;
			sourceTree = "<group>";
		};
/* End PBXVariantGroup section */

/* Begin XCBuildConfiguration section */
		CBD2FD792536E96F008B52DB /* Debug */ = {
			isa = XCBuildConfiguration;
			buildSettings = {
				ALWAYS_SEARCH_USER_PATHS = NO;
				CLANG_ANALYZER_NONNULL = YES;
				CLANG_ANALYZER_NUMBER_OBJECT_CONVERSION = YES_AGGRESSIVE;
				CLANG_CXX_LANGUAGE_STANDARD = "gnu++14";
				CLANG_CXX_LIBRARY = "libc++";
				CLANG_ENABLE_MODULES = YES;
				CLANG_ENABLE_OBJC_ARC = YES;
				CLANG_ENABLE_OBJC_WEAK = YES;
				CLANG_WARN_BLOCK_CAPTURE_AUTORELEASING = YES;
				CLANG_WARN_BOOL_CONVERSION = YES;
				CLANG_WARN_COMMA = YES;
				CLANG_WARN_CONSTANT_CONVERSION = YES;
				CLANG_WARN_DEPRECATED_OBJC_IMPLEMENTATIONS = YES;
				CLANG_WARN_DIRECT_OBJC_ISA_USAGE = YES_ERROR;
				CLANG_WARN_DOCUMENTATION_COMMENTS = YES;
				CLANG_WARN_EMPTY_BODY = YES;
				CLANG_WARN_ENUM_CONVERSION = YES;
				CLANG_WARN_INFINITE_RECURSION = YES;
				CLANG_WARN_INT_CONVERSION = YES;
				CLANG_WARN_NON_LITERAL_NULL_CONVERSION = YES;
				CLANG_WARN_OBJC_IMPLICIT_RETAIN_SELF = YES;
				CLANG_WARN_OBJC_LITERAL_CONVERSION = YES;
				CLANG_WARN_OBJC_ROOT_CLASS = YES_ERROR;
				CLANG_WARN_QUOTED_INCLUDE_IN_FRAMEWORK_HEADER = YES;
				CLANG_WARN_RANGE_LOOP_ANALYSIS = YES;
				CLANG_WARN_STRICT_PROTOTYPES = YES;
				CLANG_WARN_SUSPICIOUS_MOVE = YES;
				CLANG_WARN_UNGUARDED_AVAILABILITY = YES_AGGRESSIVE;
				CLANG_WARN_UNREACHABLE_CODE = YES;
				CLANG_WARN__DUPLICATE_METHOD_MATCH = YES;
				COPY_PHASE_STRIP = NO;
				DEBUG_INFORMATION_FORMAT = dwarf;
				ENABLE_STRICT_OBJC_MSGSEND = YES;
				ENABLE_TESTABILITY = YES;
				GCC_C_LANGUAGE_STANDARD = gnu11;
				GCC_DYNAMIC_NO_PIC = NO;
				GCC_NO_COMMON_BLOCKS = YES;
				GCC_OPTIMIZATION_LEVEL = 0;
				GCC_PREPROCESSOR_DEFINITIONS = (
					"DEBUG=1",
					"$(inherited)",
				);
				GCC_WARN_64_TO_32_BIT_CONVERSION = YES;
				GCC_WARN_ABOUT_RETURN_TYPE = YES_ERROR;
				GCC_WARN_UNDECLARED_SELECTOR = YES;
				GCC_WARN_UNINITIALIZED_AUTOS = YES_AGGRESSIVE;
				GCC_WARN_UNUSED_FUNCTION = YES;
				GCC_WARN_UNUSED_VARIABLE = YES;
				IPHONEOS_DEPLOYMENT_TARGET = 14.0;
				MTL_ENABLE_DEBUG_INFO = INCLUDE_SOURCE;
				MTL_FAST_MATH = YES;
				ONLY_ACTIVE_ARCH = YES;
				SDKROOT = iphoneos;
				SWIFT_ACTIVE_COMPILATION_CONDITIONS = DEBUG;
				SWIFT_OPTIMIZATION_LEVEL = "-Onone";
			};
			name = Debug;
		};
		CBD2FD7A2536E96F008B52DB /* Release */ = {
			isa = XCBuildConfiguration;
			buildSettings = {
				ALWAYS_SEARCH_USER_PATHS = NO;
				CLANG_ANALYZER_NONNULL = YES;
				CLANG_ANALYZER_NUMBER_OBJECT_CONVERSION = YES_AGGRESSIVE;
				CLANG_CXX_LANGUAGE_STANDARD = "gnu++14";
				CLANG_CXX_LIBRARY = "libc++";
				CLANG_ENABLE_MODULES = YES;
				CLANG_ENABLE_OBJC_ARC = YES;
				CLANG_ENABLE_OBJC_WEAK = YES;
				CLANG_WARN_BLOCK_CAPTURE_AUTORELEASING = YES;
				CLANG_WARN_BOOL_CONVERSION = YES;
				CLANG_WARN_COMMA = YES;
				CLANG_WARN_CONSTANT_CONVERSION = YES;
				CLANG_WARN_DEPRECATED_OBJC_IMPLEMENTATIONS = YES;
				CLANG_WARN_DIRECT_OBJC_ISA_USAGE = YES_ERROR;
				CLANG_WARN_DOCUMENTATION_COMMENTS = YES;
				CLANG_WARN_EMPTY_BODY = YES;
				CLANG_WARN_ENUM_CONVERSION = YES;
				CLANG_WARN_INFINITE_RECURSION = YES;
				CLANG_WARN_INT_CONVERSION = YES;
				CLANG_WARN_NON_LITERAL_NULL_CONVERSION = YES;
				CLANG_WARN_OBJC_IMPLICIT_RETAIN_SELF = YES;
				CLANG_WARN_OBJC_LITERAL_CONVERSION = YES;
				CLANG_WARN_OBJC_ROOT_CLASS = YES_ERROR;
				CLANG_WARN_QUOTED_INCLUDE_IN_FRAMEWORK_HEADER = YES;
				CLANG_WARN_RANGE_LOOP_ANALYSIS = YES;
				CLANG_WARN_STRICT_PROTOTYPES = YES;
				CLANG_WARN_SUSPICIOUS_MOVE = YES;
				CLANG_WARN_UNGUARDED_AVAILABILITY = YES_AGGRESSIVE;
				CLANG_WARN_UNREACHABLE_CODE = YES;
				CLANG_WARN__DUPLICATE_METHOD_MATCH = YES;
				COPY_PHASE_STRIP = NO;
				DEBUG_INFORMATION_FORMAT = "dwarf-with-dsym";
				ENABLE_NS_ASSERTIONS = NO;
				ENABLE_STRICT_OBJC_MSGSEND = YES;
				GCC_C_LANGUAGE_STANDARD = gnu11;
				GCC_NO_COMMON_BLOCKS = YES;
				GCC_WARN_64_TO_32_BIT_CONVERSION = YES;
				GCC_WARN_ABOUT_RETURN_TYPE = YES_ERROR;
				GCC_WARN_UNDECLARED_SELECTOR = YES;
				GCC_WARN_UNINITIALIZED_AUTOS = YES_AGGRESSIVE;
				GCC_WARN_UNUSED_FUNCTION = YES;
				GCC_WARN_UNUSED_VARIABLE = YES;
				IPHONEOS_DEPLOYMENT_TARGET = 14.0;
				MTL_ENABLE_DEBUG_INFO = NO;
				MTL_FAST_MATH = YES;
				SDKROOT = iphoneos;
				SWIFT_COMPILATION_MODE = wholemodule;
				SWIFT_OPTIMIZATION_LEVEL = "-O";
				VALIDATE_PRODUCT = YES;
			};
			name = Release;
		};
		CBD2FD7C2536E96F008B52DB /* Debug */ = {
			isa = XCBuildConfiguration;
			baseConfigurationReference = 2686D30B7B1C152BA19C8CAA /* Pods-WAKEMEUP#.debug.xcconfig */;
			buildSettings = {
				ASSETCATALOG_COMPILER_APPICON_NAME = AppIcon;
				ASSETCATALOG_COMPILER_GLOBAL_ACCENT_COLOR_NAME = AccentColor;
				CODE_SIGN_STYLE = Automatic;
				DEVELOPMENT_TEAM = NVH8V9P2U6;
				INFOPLIST_FILE = "WAKEMEUP#/Info.plist";
				IPHONEOS_DEPLOYMENT_TARGET = 13.5;
				LD_RUNPATH_SEARCH_PATHS = (
					"$(inherited)",
					"@executable_path/Frameworks",
				);
				PRODUCT_BUNDLE_IDENTIFIER = "se.joelthedeen.WAKEMEUP-";
				PRODUCT_NAME = "$(TARGET_NAME)";
				SWIFT_VERSION = 5.0;
				TARGETED_DEVICE_FAMILY = "1,2";
			};
			name = Debug;
		};
		CBD2FD7D2536E96F008B52DB /* Release */ = {
			isa = XCBuildConfiguration;
			baseConfigurationReference = E641F6A8EF18E384BBCA1ED5 /* Pods-WAKEMEUP#.release.xcconfig */;
			buildSettings = {
				ASSETCATALOG_COMPILER_APPICON_NAME = AppIcon;
				ASSETCATALOG_COMPILER_GLOBAL_ACCENT_COLOR_NAME = AccentColor;
				CODE_SIGN_STYLE = Automatic;
				DEVELOPMENT_TEAM = NVH8V9P2U6;
				INFOPLIST_FILE = "WAKEMEUP#/Info.plist";
				IPHONEOS_DEPLOYMENT_TARGET = 13.5;
				LD_RUNPATH_SEARCH_PATHS = (
					"$(inherited)",
					"@executable_path/Frameworks",
				);
				PRODUCT_BUNDLE_IDENTIFIER = "se.joelthedeen.WAKEMEUP-";
				PRODUCT_NAME = "$(TARGET_NAME)";
				SWIFT_VERSION = 5.0;
				TARGETED_DEVICE_FAMILY = "1,2";
			};
			name = Release;
		};
/* End XCBuildConfiguration section */

/* Begin XCConfigurationList section */
		CBD2FD622536E96C008B52DB /* Build configuration list for PBXProject "WAKEMEUP#" */ = {
			isa = XCConfigurationList;
			buildConfigurations = (
				CBD2FD792536E96F008B52DB /* Debug */,
				CBD2FD7A2536E96F008B52DB /* Release */,
			);
			defaultConfigurationIsVisible = 0;
			defaultConfigurationName = Release;
		};
		CBD2FD7B2536E96F008B52DB /* Build configuration list for PBXNativeTarget "WAKEMEUP#" */ = {
			isa = XCConfigurationList;
			buildConfigurations = (
				CBD2FD7C2536E96F008B52DB /* Debug */,
				CBD2FD7D2536E96F008B52DB /* Release */,
			);
			defaultConfigurationIsVisible = 0;
			defaultConfigurationName = Release;
		};
/* End XCConfigurationList section */
	};
	rootObject = CBD2FD5F2536E96C008B52DB /* Project object */;
}
